// !$*UTF8*$!
{
	archiveVersion = 1;
	classes = {
	};
	objectVersion = 55;
	objects = {

/* Begin PBXBuildFile section */
		1416E0512E1752EC009D1D81 /* main.swift in Sources */ = {isa = PBXBuildFile; fileRef = 1416E0502E1752EC009D1D81 /* main.swift */; };
		1416E0582E1765DE009D1D81 /* VerificarNumeroPrimo.swift in Sources */ = {isa = PBXBuildFile; fileRef = 1416E0572E1765DE009D1D81 /* VerificarNumeroPrimo.swift */; };
		141E01572E1FF50F00ABEF0F /* ClasseQuadrado.swift in Sources */ = {isa = PBXBuildFile; fileRef = 141E01562E1FF50F00ABEF0F /* ClasseQuadrado.swift */; };
		141E01592E1FF54600ABEF0F /* ClassePiramide.swift in Sources */ = {isa = PBXBuildFile; fileRef = 141E01582E1FF54600ABEF0F /* ClassePiramide.swift */; };
		141E015B2E1FF55C00ABEF0F /* ClasseCirculo.swift in Sources */ = {isa = PBXBuildFile; fileRef = 141E015A2E1FF55C00ABEF0F /* ClasseCirculo.swift */; };
		1461E40C2E1F41550094DA0B /* ArvoreBinaria.swift in Sources */ = {isa = PBXBuildFile; fileRef = 1461E40B2E1F41550094DA0B /* ArvoreBinaria.swift */; };
		146F3FA72E1A2A89007D5254 /* ValidarSenha.swift in Sources */ = {isa = PBXBuildFile; fileRef = 146F3FA62E1A2A89007D5254 /* ValidarSenha.swift */; };
		146F3FA92E1A2D9F007D5254 /* NumerosPrimosNaTabuada.swift in Sources */ = {isa = PBXBuildFile; fileRef = 146F3FA82E1A2D9F007D5254 /* NumerosPrimosNaTabuada.swift */; };
		146F3FAB2E1A3615007D5254 /* NumerosParesEmFatoriais.swift in Sources */ = {isa = PBXBuildFile; fileRef = 146F3FAA2E1A3615007D5254 /* NumerosParesEmFatoriais.swift */; };
		146F3FAD2E1A36C4007D5254 /* LoopComNumerosPares.swift in Sources */ = {isa = PBXBuildFile; fileRef = 146F3FAC2E1A36C4007D5254 /* LoopComNumerosPares.swift */; };
		147974B12E1D6E24006CAAE2 /* VerificarDivisibilidade.swift in Sources */ = {isa = PBXBuildFile; fileRef = 147974B02E1D6E24006CAAE2 /* VerificarDivisibilidade.swift */; };
		147974B32E1D6E83006CAAE2 /* BuscarNaLista.swift in Sources */ = {isa = PBXBuildFile; fileRef = 147974B22E1D6E83006CAAE2 /* BuscarNaLista.swift */; };
		147974B52E1D6F06006CAAE2 /* FatorialPorRecursao.swift in Sources */ = {isa = PBXBuildFile; fileRef = 147974B42E1D6F06006CAAE2 /* FatorialPorRecursao.swift */; };
		147974B72E1D85B7006CAAE2 /* VerificarQuantidadeCaracteres.swift in Sources */ = {isa = PBXBuildFile; fileRef = 147974B62E1D85B6006CAAE2 /* VerificarQuantidadeCaracteres.swift */; };
		147974B92E1D862A006CAAE2 /* ListarNumerosPrimos.swift in Sources */ = {isa = PBXBuildFile; fileRef = 147974B82E1D862A006CAAE2 /* ListarNumerosPrimos.swift */; };
		14D343AE2E17734000FBADCE /* VerificarPar.swift in Sources */ = {isa = PBXBuildFile; fileRef = 14D343AD2E17734000FBADCE /* VerificarPar.swift */; };
		14D343B02E17746500FBADCE /* CalcularFatorial.swift in Sources */ = {isa = PBXBuildFile; fileRef = 14D343AF2E17746500FBADCE /* CalcularFatorial.swift */; };
/* End PBXBuildFile section */

/* Begin PBXCopyFilesBuildPhase section */
		1416E04B2E1752EC009D1D81 /* CopyFiles */ = {
			isa = PBXCopyFilesBuildPhase;
			buildActionMask = 2147483647;
			dstPath = /usr/share/man/man1/;
			dstSubfolderSpec = 0;
			files = (
			);
			runOnlyForDeploymentPostprocessing = 1;
		};
/* End PBXCopyFilesBuildPhase section */

/* Begin PBXFileReference section */
		1416E04D2E1752EC009D1D81 /* Desafios Foundation iOS */ = {isa = PBXFileReference; explicitFileType = "compiled.mach-o.executable"; includeInIndex = 0; path = "Desafios Foundation iOS"; sourceTree = BUILT_PRODUCTS_DIR; };
		1416E0502E1752EC009D1D81 /* main.swift */ = {isa = PBXFileReference; lastKnownFileType = sourcecode.swift; path = main.swift; sourceTree = "<group>"; };
		1416E0572E1765DE009D1D81 /* VerificarNumeroPrimo.swift */ = {isa = PBXFileReference; lastKnownFileType = sourcecode.swift; path = VerificarNumeroPrimo.swift; sourceTree = "<group>"; };
		141E01562E1FF50F00ABEF0F /* ClasseQuadrado.swift */ = {isa = PBXFileReference; lastKnownFileType = sourcecode.swift; path = ClasseQuadrado.swift; sourceTree = "<group>"; };
		141E01582E1FF54600ABEF0F /* ClassePiramide.swift */ = {isa = PBXFileReference; lastKnownFileType = sourcecode.swift; path = ClassePiramide.swift; sourceTree = "<group>"; };
		141E015A2E1FF55C00ABEF0F /* ClasseCirculo.swift */ = {isa = PBXFileReference; lastKnownFileType = sourcecode.swift; path = ClasseCirculo.swift; sourceTree = "<group>"; };
		1461E40B2E1F41550094DA0B /* ArvoreBinaria.swift */ = {isa = PBXFileReference; lastKnownFileType = sourcecode.swift; path = ArvoreBinaria.swift; sourceTree = "<group>"; };
		146F3FA62E1A2A89007D5254 /* ValidarSenha.swift */ = {isa = PBXFileReference; lastKnownFileType = sourcecode.swift; path = ValidarSenha.swift; sourceTree = "<group>"; };
		146F3FA82E1A2D9F007D5254 /* NumerosPrimosNaTabuada.swift */ = {isa = PBXFileReference; lastKnownFileType = sourcecode.swift; path = NumerosPrimosNaTabuada.swift; sourceTree = "<group>"; };
		146F3FAA2E1A3615007D5254 /* NumerosParesEmFatoriais.swift */ = {isa = PBXFileReference; lastKnownFileType = sourcecode.swift; path = NumerosParesEmFatoriais.swift; sourceTree = "<group>"; };
		146F3FAC2E1A36C4007D5254 /* LoopComNumerosPares.swift */ = {isa = PBXFileReference; lastKnownFileType = sourcecode.swift; path = LoopComNumerosPares.swift; sourceTree = "<group>"; };
		147974B02E1D6E24006CAAE2 /* VerificarDivisibilidade.swift */ = {isa = PBXFileReference; lastKnownFileType = sourcecode.swift; path = VerificarDivisibilidade.swift; sourceTree = "<group>"; };
		147974B22E1D6E83006CAAE2 /* BuscarNaLista.swift */ = {isa = PBXFileReference; lastKnownFileType = sourcecode.swift; path = BuscarNaLista.swift; sourceTree = "<group>"; };
		147974B42E1D6F06006CAAE2 /* FatorialPorRecursao.swift */ = {isa = PBXFileReference; lastKnownFileType = sourcecode.swift; path = FatorialPorRecursao.swift; sourceTree = "<group>"; };
		147974B62E1D85B6006CAAE2 /* VerificarQuantidadeCaracteres.swift */ = {isa = PBXFileReference; lastKnownFileType = sourcecode.swift; path = VerificarQuantidadeCaracteres.swift; sourceTree = "<group>"; };
		147974B82E1D862A006CAAE2 /* ListarNumerosPrimos.swift */ = {isa = PBXFileReference; lastKnownFileType = sourcecode.swift; path = ListarNumerosPrimos.swift; sourceTree = "<group>"; };
		14D343AD2E17734000FBADCE /* VerificarPar.swift */ = {isa = PBXFileReference; lastKnownFileType = sourcecode.swift; path = VerificarPar.swift; sourceTree = "<group>"; };
		14D343AF2E17746500FBADCE /* CalcularFatorial.swift */ = {isa = PBXFileReference; lastKnownFileType = sourcecode.swift; path = CalcularFatorial.swift; sourceTree = "<group>"; };
/* End PBXFileReference section */

/* Begin PBXFrameworksBuildPhase section */
		1416E04A2E1752EC009D1D81 /* Frameworks */ = {
			isa = PBXFrameworksBuildPhase;
			buildActionMask = 2147483647;
			files = (
			);
			runOnlyForDeploymentPostprocessing = 0;
		};
/* End PBXFrameworksBuildPhase section */

/* Begin PBXGroup section */
		1416E0442E1752EC009D1D81 = {
			isa = PBXGroup;
			children = (
				1461E40A2E1F413B0094DA0B /* Aula04 */,
				147974AF2E1D5CC5006CAAE2 /* Aula03 */,
				1416E0502E1752EC009D1D81 /* main.swift */,
				146F3FA52E1A2971007D5254 /* Aula02 */,
				1416E04F2E1752EC009D1D81 /* Aula01 */,
				1416E04E2E1752EC009D1D81 /* Products */,
			);
			sourceTree = "<group>";
		};
		1416E04E2E1752EC009D1D81 /* Products */ = {
			isa = PBXGroup;
			children = (
				1416E04D2E1752EC009D1D81 /* Desafios Foundation iOS */,
			);
			name = Products;
			sourceTree = "<group>";
		};
		1416E04F2E1752EC009D1D81 /* Aula01 */ = {
			isa = PBXGroup;
			children = (
				1416E0572E1765DE009D1D81 /* VerificarNumeroPrimo.swift */,
				14D343AD2E17734000FBADCE /* VerificarPar.swift */,
				14D343AF2E17746500FBADCE /* CalcularFatorial.swift */,
			);
			path = Aula01;
			sourceTree = "<group>";
		};
		1461E40A2E1F413B0094DA0B /* Aula04 */ = {
			isa = PBXGroup;
			children = (
				1461E40B2E1F41550094DA0B /* ArvoreBinaria.swift */,
				141E01562E1FF50F00ABEF0F /* ClasseQuadrado.swift */,
				141E01582E1FF54600ABEF0F /* ClassePiramide.swift */,
				141E015A2E1FF55C00ABEF0F /* ClasseCirculo.swift */,
			);
			path = Aula04;
			sourceTree = "<group>";
		};
		146F3FA52E1A2971007D5254 /* Aula02 */ = {
			isa = PBXGroup;
			children = (
				146F3FA62E1A2A89007D5254 /* ValidarSenha.swift */,
				146F3FA82E1A2D9F007D5254 /* NumerosPrimosNaTabuada.swift */,
				146F3FAA2E1A3615007D5254 /* NumerosParesEmFatoriais.swift */,
				146F3FAC2E1A36C4007D5254 /* LoopComNumerosPares.swift */,
			);
			path = Aula02;
			sourceTree = "<group>";
		};
		147974AF2E1D5CC5006CAAE2 /* Aula03 */ = {
			isa = PBXGroup;
			children = (
				147974B02E1D6E24006CAAE2 /* VerificarDivisibilidade.swift */,
				147974B42E1D6F06006CAAE2 /* FatorialPorRecursao.swift */,
				147974B22E1D6E83006CAAE2 /* BuscarNaLista.swift */,
				147974B62E1D85B6006CAAE2 /* VerificarQuantidadeCaracteres.swift */,
				147974B82E1D862A006CAAE2 /* ListarNumerosPrimos.swift */,
			);
			path = Aula03;
			sourceTree = "<group>";
		};
/* End PBXGroup section */

/* Begin PBXNativeTarget section */
		1416E04C2E1752EC009D1D81 /* Desafios Foundation iOS */ = {
			isa = PBXNativeTarget;
			buildConfigurationList = 1416E0542E1752EC009D1D81 /* Build configuration list for PBXNativeTarget "Desafios Foundation iOS" */;
			buildPhases = (
				1416E0492E1752EC009D1D81 /* Sources */,
				1416E04A2E1752EC009D1D81 /* Frameworks */,
				1416E04B2E1752EC009D1D81 /* CopyFiles */,
			);
			buildRules = (
			);
			dependencies = (
			);
			name = "Desafios Foundation iOS";
			productName = myCommandLine;
			productReference = 1416E04D2E1752EC009D1D81 /* Desafios Foundation iOS */;
			productType = "com.apple.product-type.tool";
		};
/* End PBXNativeTarget section */

/* Begin PBXProject section */
		1416E0452E1752EC009D1D81 /* Project object */ = {
			isa = PBXProject;
			attributes = {
				BuildIndependentTargetsInParallel = 1;
				LastSwiftUpdateCheck = 1320;
				LastUpgradeCheck = 1320;
				TargetAttributes = {
					1416E04C2E1752EC009D1D81 = {
						CreatedOnToolsVersion = 13.2.1;
					};
				};
			};
			buildConfigurationList = 1416E0482E1752EC009D1D81 /* Build configuration list for PBXProject "Desafios Foundation iOS" */;
			compatibilityVersion = "Xcode 13.0";
			developmentRegion = en;
			hasScannedForEncodings = 0;
			knownRegions = (
				en,
				Base,
			);
			mainGroup = 1416E0442E1752EC009D1D81;
			productRefGroup = 1416E04E2E1752EC009D1D81 /* Products */;
			projectDirPath = "";
			projectRoot = "";
			targets = (
				1416E04C2E1752EC009D1D81 /* Desafios Foundation iOS */,
			);
		};
/* End PBXProject section */

/* Begin PBXSourcesBuildPhase section */
		1416E0492E1752EC009D1D81 /* Sources */ = {
			isa = PBXSourcesBuildPhase;
			buildActionMask = 2147483647;
			files = (
				147974B12E1D6E24006CAAE2 /* VerificarDivisibilidade.swift in Sources */,
				141E015B2E1FF55C00ABEF0F /* ClasseCirculo.swift in Sources */,
				1416E0512E1752EC009D1D81 /* main.swift in Sources */,
				146F3FAD2E1A36C4007D5254 /* LoopComNumerosPares.swift in Sources */,
				1416E0582E1765DE009D1D81 /* VerificarNumeroPrimo.swift in Sources */,
				14D343B02E17746500FBADCE /* CalcularFatorial.swift in Sources */,
				141E01592E1FF54600ABEF0F /* ClassePiramide.swift in Sources */,
				146F3FA92E1A2D9F007D5254 /* NumerosPrimosNaTabuada.swift in Sources */,
				147974B32E1D6E83006CAAE2 /* BuscarNaLista.swift in Sources */,
				1461E40C2E1F41550094DA0B /* ArvoreBinaria.swift in Sources */,
				146F3FA72E1A2A89007D5254 /* ValidarSenha.swift in Sources */,
				14D343AE2E17734000FBADCE /* VerificarPar.swift in Sources */,
				146F3FAB2E1A3615007D5254 /* NumerosParesEmFatoriais.swift in Sources */,
				147974B72E1D85B7006CAAE2 /* VerificarQuantidadeCaracteres.swift in Sources */,
				147974B92E1D862A006CAAE2 /* ListarNumerosPrimos.swift in Sources */,
				141E01572E1FF50F00ABEF0F /* ClasseQuadrado.swift in Sources */,
				147974B52E1D6F06006CAAE2 /* FatorialPorRecursao.swift in Sources */,
			);
			runOnlyForDeploymentPostprocessing = 0;
		};
/* End PBXSourcesBuildPhase section */

/* Begin XCBuildConfiguration section */
		1416E0522E1752EC009D1D81 /* Debug */ = {
			isa = XCBuildConfiguration;
			buildSettings = {
				ALWAYS_SEARCH_USER_PATHS = NO;
				CLANG_ANALYZER_NONNULL = YES;
				CLANG_ANALYZER_NUMBER_OBJECT_CONVERSION = YES_AGGRESSIVE;
				CLANG_CXX_LANGUAGE_STANDARD = "gnu++17";
				CLANG_CXX_LIBRARY = "libc++";
				CLANG_ENABLE_MODULES = YES;
				CLANG_ENABLE_OBJC_ARC = YES;
				CLANG_ENABLE_OBJC_WEAK = YES;
				CLANG_WARN_BLOCK_CAPTURE_AUTORELEASING = YES;
				CLANG_WARN_BOOL_CONVERSION = YES;
				CLANG_WARN_COMMA = YES;
				CLANG_WARN_CONSTANT_CONVERSION = YES;
				CLANG_WARN_DEPRECATED_OBJC_IMPLEMENTATIONS = YES;
				CLANG_WARN_DIRECT_OBJC_ISA_USAGE = YES_ERROR;
				CLANG_WARN_DOCUMENTATION_COMMENTS = YES;
				CLANG_WARN_EMPTY_BODY = YES;
				CLANG_WARN_ENUM_CONVERSION = YES;
				CLANG_WARN_INFINITE_RECURSION = YES;
				CLANG_WARN_INT_CONVERSION = YES;
				CLANG_WARN_NON_LITERAL_NULL_CONVERSION = YES;
				CLANG_WARN_OBJC_IMPLICIT_RETAIN_SELF = YES;
				CLANG_WARN_OBJC_LITERAL_CONVERSION = YES;
				CLANG_WARN_OBJC_ROOT_CLASS = YES_ERROR;
				CLANG_WARN_QUOTED_INCLUDE_IN_FRAMEWORK_HEADER = YES;
				CLANG_WARN_RANGE_LOOP_ANALYSIS = YES;
				CLANG_WARN_STRICT_PROTOTYPES = YES;
				CLANG_WARN_SUSPICIOUS_MOVE = YES;
				CLANG_WARN_UNGUARDED_AVAILABILITY = YES_AGGRESSIVE;
				CLANG_WARN_UNREACHABLE_CODE = YES;
				CLANG_WARN__DUPLICATE_METHOD_MATCH = YES;
				COPY_PHASE_STRIP = NO;
				DEBUG_INFORMATION_FORMAT = dwarf;
				ENABLE_STRICT_OBJC_MSGSEND = YES;
				ENABLE_TESTABILITY = YES;
				GCC_C_LANGUAGE_STANDARD = gnu11;
				GCC_DYNAMIC_NO_PIC = NO;
				GCC_NO_COMMON_BLOCKS = YES;
				GCC_OPTIMIZATION_LEVEL = 0;
				GCC_PREPROCESSOR_DEFINITIONS = (
					"DEBUG=1",
					"$(inherited)",
				);
				GCC_WARN_64_TO_32_BIT_CONVERSION = YES;
				GCC_WARN_ABOUT_RETURN_TYPE = YES_ERROR;
				GCC_WARN_UNDECLARED_SELECTOR = YES;
				GCC_WARN_UNINITIALIZED_AUTOS = YES_AGGRESSIVE;
				GCC_WARN_UNUSED_FUNCTION = YES;
				GCC_WARN_UNUSED_VARIABLE = YES;
				MACOSX_DEPLOYMENT_TARGET = 11.7;
				MTL_ENABLE_DEBUG_INFO = INCLUDE_SOURCE;
				MTL_FAST_MATH = YES;
				ONLY_ACTIVE_ARCH = YES;
				SDKROOT = macosx;
				SWIFT_ACTIVE_COMPILATION_CONDITIONS = DEBUG;
				SWIFT_OPTIMIZATION_LEVEL = "-Onone";
			};
			name = Debug;
		};
		1416E0532E1752EC009D1D81 /* Release */ = {
			isa = XCBuildConfiguration;
			buildSettings = {
				ALWAYS_SEARCH_USER_PATHS = NO;
				CLANG_ANALYZER_NONNULL = YES;
				CLANG_ANALYZER_NUMBER_OBJECT_CONVERSION = YES_AGGRESSIVE;
				CLANG_CXX_LANGUAGE_STANDARD = "gnu++17";
				CLANG_CXX_LIBRARY = "libc++";
				CLANG_ENABLE_MODULES = YES;
				CLANG_ENABLE_OBJC_ARC = YES;
				CLANG_ENABLE_OBJC_WEAK = YES;
				CLANG_WARN_BLOCK_CAPTURE_AUTORELEASING = YES;
				CLANG_WARN_BOOL_CONVERSION = YES;
				CLANG_WARN_COMMA = YES;
				CLANG_WARN_CONSTANT_CONVERSION = YES;
				CLANG_WARN_DEPRECATED_OBJC_IMPLEMENTATIONS = YES;
				CLANG_WARN_DIRECT_OBJC_ISA_USAGE = YES_ERROR;
				CLANG_WARN_DOCUMENTATION_COMMENTS = YES;
				CLANG_WARN_EMPTY_BODY = YES;
				CLANG_WARN_ENUM_CONVERSION = YES;
				CLANG_WARN_INFINITE_RECURSION = YES;
				CLANG_WARN_INT_CONVERSION = YES;
				CLANG_WARN_NON_LITERAL_NULL_CONVERSION = YES;
				CLANG_WARN_OBJC_IMPLICIT_RETAIN_SELF = YES;
				CLANG_WARN_OBJC_LITERAL_CONVERSION = YES;
				CLANG_WARN_OBJC_ROOT_CLASS = YES_ERROR;
				CLANG_WARN_QUOTED_INCLUDE_IN_FRAMEWORK_HEADER = YES;
				CLANG_WARN_RANGE_LOOP_ANALYSIS = YES;
				CLANG_WARN_STRICT_PROTOTYPES = YES;
				CLANG_WARN_SUSPICIOUS_MOVE = YES;
				CLANG_WARN_UNGUARDED_AVAILABILITY = YES_AGGRESSIVE;
				CLANG_WARN_UNREACHABLE_CODE = YES;
				CLANG_WARN__DUPLICATE_METHOD_MATCH = YES;
				COPY_PHASE_STRIP = NO;
				DEBUG_INFORMATION_FORMAT = "dwarf-with-dsym";
				ENABLE_NS_ASSERTIONS = NO;
				ENABLE_STRICT_OBJC_MSGSEND = YES;
				GCC_C_LANGUAGE_STANDARD = gnu11;
				GCC_NO_COMMON_BLOCKS = YES;
				GCC_WARN_64_TO_32_BIT_CONVERSION = YES;
				GCC_WARN_ABOUT_RETURN_TYPE = YES_ERROR;
				GCC_WARN_UNDECLARED_SELECTOR = YES;
				GCC_WARN_UNINITIALIZED_AUTOS = YES_AGGRESSIVE;
				GCC_WARN_UNUSED_FUNCTION = YES;
				GCC_WARN_UNUSED_VARIABLE = YES;
				MACOSX_DEPLOYMENT_TARGET = 11.7;
				MTL_ENABLE_DEBUG_INFO = NO;
				MTL_FAST_MATH = YES;
				SDKROOT = macosx;
				SWIFT_COMPILATION_MODE = wholemodule;
				SWIFT_OPTIMIZATION_LEVEL = "-O";
			};
			name = Release;
		};
		1416E0552E1752EC009D1D81 /* Debug */ = {
			isa = XCBuildConfiguration;
			buildSettings = {
				CODE_SIGN_STYLE = Automatic;
				DEVELOPMENT_TEAM = MXP68DZJAC;
				ENABLE_HARDENED_RUNTIME = YES;
				PRODUCT_NAME = "$(TARGET_NAME)";
				SWIFT_VERSION = 5.0;
			};
			name = Debug;
		};
		1416E0562E1752EC009D1D81 /* Release */ = {
			isa = XCBuildConfiguration;
			buildSettings = {
				CODE_SIGN_STYLE = Automatic;
				DEVELOPMENT_TEAM = MXP68DZJAC;
				ENABLE_HARDENED_RUNTIME = YES;
				PRODUCT_NAME = "$(TARGET_NAME)";
				SWIFT_VERSION = 5.0;
			};
			name = Release;
		};
/* End XCBuildConfiguration section */

/* Begin XCConfigurationList section */
		1416E0482E1752EC009D1D81 /* Build configuration list for PBXProject "Desafios Foundation iOS" */ = {
			isa = XCConfigurationList;
			buildConfigurations = (
				1416E0522E1752EC009D1D81 /* Debug */,
				1416E0532E1752EC009D1D81 /* Release */,
			);
			defaultConfigurationIsVisible = 0;
			defaultConfigurationName = Release;
		};
		1416E0542E1752EC009D1D81 /* Build configuration list for PBXNativeTarget "Desafios Foundation iOS" */ = {
			isa = XCConfigurationList;
			buildConfigurations = (
				1416E0552E1752EC009D1D81 /* Debug */,
				1416E0562E1752EC009D1D81 /* Release */,
			);
			defaultConfigurationIsVisible = 0;
			defaultConfigurationName = Release;
		};
/* End XCConfigurationList section */
	};
	rootObject = 1416E0452E1752EC009D1D81 /* Project object */;
}
